
Microsoft Visual Studio Solution File, Format Version 10.00
# Visual Studio 2008
Project("{8BC9CEB8-8B4A-11D0-8D11-00A0C91BC942}") = "59cpp", "59cpp\59cpp.vcproj", "{60FEB29F-210F-4B87-A79F-C7E647A1D2FD}"
EndProject
Global
	GlobalSection(SolutionConfigurationPlatforms) = preSolution
		Debug|Win32 = Debug|Win32
		Release|Win32 = Release|Win32
	EndGlobalSection
	GlobalSection(ProjectConfigurationPlatforms) = postSolution
		{60FEB29F-210F-4B87-A79F-C7E647A1D2FD}.Debug|Win32.ActiveCfg = Debug|Win32
		{60FEB29F-210F-4B87-A79F-C7E647A1D2FD}.Debug|Win32.Build.0 = Debug|Win32
		{60FEB29F-210F-4B87-A79F-C7E647A1D2FD}.Release|Win32.ActiveCfg = Release|Win32
		{60FEB29F-210F-4B87-A79F-C7E647A1D2FD}.Release|Win32.Build.0 = Release|Win32
	EndGlobalSection
	GlobalSection(SolutionProperties) = preSolution
		HideSolutionNode = FALSE
	EndGlobalSection
EndGlobal
