
Microsoft Visual Studio Solution File, Format Version 10.00
# Visual Studio 2008
Project("{8BC9CEB8-8B4A-11D0-8D11-00A0C91BC942}") = "78cpp", "78cpp\78cpp.vcproj", "{9BAAE9E3-C400-4116-89E7-CFCE9C392C6A}"
EndProject
Global
	GlobalSection(SolutionConfigurationPlatforms) = preSolution
		Debug|Win32 = Debug|Win32
		Release|Win32 = Release|Win32
	EndGlobalSection
	GlobalSection(ProjectConfigurationPlatforms) = postSolution
		{9BAAE9E3-C400-4116-89E7-CFCE9C392C6A}.Debug|Win32.ActiveCfg = Debug|Win32
		{9BAAE9E3-C400-4116-89E7-CFCE9C392C6A}.Debug|Win32.Build.0 = Debug|Win32
		{9BAAE9E3-C400-4116-89E7-CFCE9C392C6A}.Release|Win32.ActiveCfg = Release|Win32
		{9BAAE9E3-C400-4116-89E7-CFCE9C392C6A}.Release|Win32.Build.0 = Release|Win32
	EndGlobalSection
	GlobalSection(SolutionProperties) = preSolution
		HideSolutionNode = FALSE
	EndGlobalSection
EndGlobal
