
Microsoft Visual Studio Solution File, Format Version 10.00
# Visual Studio 2008
Project("{8BC9CEB8-8B4A-11D0-8D11-00A0C91BC942}") = "61cpp", "61cpp\61cpp.vcproj", "{EBD29EA5-A8DE-4FF7-8498-216C918431C1}"
EndProject
Global
	GlobalSection(SolutionConfigurationPlatforms) = preSolution
		Debug|Win32 = Debug|Win32
		Release|Win32 = Release|Win32
	EndGlobalSection
	GlobalSection(ProjectConfigurationPlatforms) = postSolution
		{EBD29EA5-A8DE-4FF7-8498-216C918431C1}.Debug|Win32.ActiveCfg = Debug|Win32
		{EBD29EA5-A8DE-4FF7-8498-216C918431C1}.Debug|Win32.Build.0 = Debug|Win32
		{EBD29EA5-A8DE-4FF7-8498-216C918431C1}.Release|Win32.ActiveCfg = Release|Win32
		{EBD29EA5-A8DE-4FF7-8498-216C918431C1}.Release|Win32.Build.0 = Release|Win32
	EndGlobalSection
	GlobalSection(SolutionProperties) = preSolution
		HideSolutionNode = FALSE
	EndGlobalSection
EndGlobal
