
Microsoft Visual Studio Solution File, Format Version 10.00
# Visual Studio 2008
Project("{8BC9CEB8-8B4A-11D0-8D11-00A0C91BC942}") = "77cpp", "77cpp\77cpp.vcproj", "{033A197E-46D8-44D2-A9AC-68A279F2A4B8}"
EndProject
Global
	GlobalSection(SolutionConfigurationPlatforms) = preSolution
		Debug|Win32 = Debug|Win32
		Release|Win32 = Release|Win32
	EndGlobalSection
	GlobalSection(ProjectConfigurationPlatforms) = postSolution
		{033A197E-46D8-44D2-A9AC-68A279F2A4B8}.Debug|Win32.ActiveCfg = Debug|Win32
		{033A197E-46D8-44D2-A9AC-68A279F2A4B8}.Debug|Win32.Build.0 = Debug|Win32
		{033A197E-46D8-44D2-A9AC-68A279F2A4B8}.Release|Win32.ActiveCfg = Release|Win32
		{033A197E-46D8-44D2-A9AC-68A279F2A4B8}.Release|Win32.Build.0 = Release|Win32
	EndGlobalSection
	GlobalSection(SolutionProperties) = preSolution
		HideSolutionNode = FALSE
	EndGlobalSection
EndGlobal
