
Microsoft Visual Studio Solution File, Format Version 10.00
# Visual Studio 2008
Project("{8BC9CEB8-8B4A-11D0-8D11-00A0C91BC942}") = "28cpp", "28cpp\28cpp.vcproj", "{95E8C5E2-859C-4D11-B54F-4C62E041DEFC}"
EndProject
Global
	GlobalSection(SolutionConfigurationPlatforms) = preSolution
		Debug|Win32 = Debug|Win32
		Release|Win32 = Release|Win32
	EndGlobalSection
	GlobalSection(ProjectConfigurationPlatforms) = postSolution
		{95E8C5E2-859C-4D11-B54F-4C62E041DEFC}.Debug|Win32.ActiveCfg = Debug|Win32
		{95E8C5E2-859C-4D11-B54F-4C62E041DEFC}.Debug|Win32.Build.0 = Debug|Win32
		{95E8C5E2-859C-4D11-B54F-4C62E041DEFC}.Release|Win32.ActiveCfg = Release|Win32
		{95E8C5E2-859C-4D11-B54F-4C62E041DEFC}.Release|Win32.Build.0 = Release|Win32
	EndGlobalSection
	GlobalSection(SolutionProperties) = preSolution
		HideSolutionNode = FALSE
	EndGlobalSection
EndGlobal
